
Microsoft Visual Studio Solution File, Format Version 12.00
# Visual Studio Version 17
VisualStudioVersion = 17.0.31903.59
MinimumVisualStudioVersion = 10.0.40219.1
Project("{FAE04EC0-301F-11D3-BF4B-00C04F79EFBC}") = "Sessions.App", "src\App\Sessions.App.csproj", "{1CBE3B3F-A0DA-4AA0-89BB-76AA3A9D07BD}"
EndProject
Project("{2150E333-8FDC-42A3-9474-1A3956D46DE8}") = "src", "src", "{827E0CD3-B72D-47B6-A68D-7590B98EB39B}"
EndProject
Project("{2150E333-8FDC-42A3-9474-1A3956D46DE8}") = "Core", "Core", "{8D626EA8-CB54-BC41-363A-217881BEBA6E}"
EndProject
Project("{FAE04EC0-301F-11D3-BF4B-00C04F79EFBC}") = "Sessions.Core", "src\Core\Sessions.Core.csproj", "{187008A6-39E3-48E3-82BE-C91E13853902}"
EndProject
Project("{2150E333-8FDC-42A3-9474-1A3956D46DE8}") = "tests", "tests", "{0AB3BF05-4346-4AA6-1389-037BE0695223}"
EndProject
Project("{2150E333-8FDC-42A3-9474-1A3956D46DE8}") = "Core.Tests", "Core.Tests", "{1188FC29-6841-2B7F-D680-EE3519BF48A4}"
EndProject
Project("{FAE04EC0-301F-11D3-BF4B-00C04F79EFBC}") = "Sessions.Core.Tests", "tests\Core.Tests\Sessions.Core.Tests.csproj", "{70C51B6E-4A6F-4DA9-BA8F-C6CDAE1D6BE4}"
EndProject
Project("{2150E333-8FDC-42A3-9474-1A3956D46DE8}") = "App", "App", "{547E75E0-49BC-27F6-65D6-DF25CFFB661A}"
EndProject
Project("{2150E333-8FDC-42A3-9474-1A3956D46DE8}") = "Terminal", "Terminal", "{2ED61D2A-07ED-AFE1-4408-D6610C0DE954}"
EndProject
Project("{FAE04EC0-301F-11D3-BF4B-00C04F79EFBC}") = "Sessions.Terminal", "src\Terminal\Sessions.Terminal.csproj", "{4FE909C3-12B5-4019-9D72-A82BBDD3113A}"
EndProject
Global
	GlobalSection(SolutionConfigurationPlatforms) = preSolution
		Debug|Any CPU = Debug|Any CPU
		Debug|x64 = Debug|x64
		Debug|x86 = Debug|x86
		Release|Any CPU = Release|Any CPU
		Release|x64 = Release|x64
		Release|x86 = Release|x86
	EndGlobalSection
	GlobalSection(ProjectConfigurationPlatforms) = postSolution
		{187008A6-39E3-48E3-82BE-C91E13853902}.Debug|Any CPU.ActiveCfg = Debug|Any CPU
		{187008A6-39E3-48E3-82BE-C91E13853902}.Debug|Any CPU.Build.0 = Debug|Any CPU
		{187008A6-39E3-48E3-82BE-C91E13853902}.Debug|x64.ActiveCfg = Debug|Any CPU
		{187008A6-39E3-48E3-82BE-C91E13853902}.Debug|x64.Build.0 = Debug|Any CPU
		{187008A6-39E3-48E3-82BE-C91E13853902}.Debug|x86.ActiveCfg = Debug|Any CPU
		{187008A6-39E3-48E3-82BE-C91E13853902}.Debug|x86.Build.0 = Debug|Any CPU
		{187008A6-39E3-48E3-82BE-C91E13853902}.Release|Any CPU.ActiveCfg = Release|Any CPU
		{187008A6-39E3-48E3-82BE-C91E13853902}.Release|Any CPU.Build.0 = Release|Any CPU
		{187008A6-39E3-48E3-82BE-C91E13853902}.Release|x64.ActiveCfg = Release|Any CPU
		{187008A6-39E3-48E3-82BE-C91E13853902}.Release|x64.Build.0 = Release|Any CPU
		{187008A6-39E3-48E3-82BE-C91E13853902}.Release|x86.ActiveCfg = Release|Any CPU
		{187008A6-39E3-48E3-82BE-C91E13853902}.Release|x86.Build.0 = Release|Any CPU
		{70C51B6E-4A6F-4DA9-BA8F-C6CDAE1D6BE4}.Debug|Any CPU.ActiveCfg = Debug|Any CPU
		{70C51B6E-4A6F-4DA9-BA8F-C6CDAE1D6BE4}.Debug|Any CPU.Build.0 = Debug|Any CPU
		{70C51B6E-4A6F-4DA9-BA8F-C6CDAE1D6BE4}.Debug|x64.ActiveCfg = Debug|Any CPU
		{70C51B6E-4A6F-4DA9-BA8F-C6CDAE1D6BE4}.Debug|x64.Build.0 = Debug|Any CPU
		{70C51B6E-4A6F-4DA9-BA8F-C6CDAE1D6BE4}.Debug|x86.ActiveCfg = Debug|Any CPU
		{70C51B6E-4A6F-4DA9-BA8F-C6CDAE1D6BE4}.Debug|x86.Build.0 = Debug|Any CPU
		{70C51B6E-4A6F-4DA9-BA8F-C6CDAE1D6BE4}.Release|Any CPU.ActiveCfg = Release|Any CPU
		{70C51B6E-4A6F-4DA9-BA8F-C6CDAE1D6BE4}.Release|Any CPU.Build.0 = Release|Any CPU
		{70C51B6E-4A6F-4DA9-BA8F-C6CDAE1D6BE4}.Release|x64.ActiveCfg = Release|Any CPU
		{70C51B6E-4A6F-4DA9-BA8F-C6CDAE1D6BE4}.Release|x64.Build.0 = Release|Any CPU
		{70C51B6E-4A6F-4DA9-BA8F-C6CDAE1D6BE4}.Release|x86.ActiveCfg = Release|Any CPU
		{70C51B6E-4A6F-4DA9-BA8F-C6CDAE1D6BE4}.Release|x86.Build.0 = Release|Any CPU
		{1CBE3B3F-A0DA-4AA0-89BB-76AA3A9D07BD}.Debug|Any CPU.ActiveCfg = Debug|x64
		{1CBE3B3F-A0DA-4AA0-89BB-76AA3A9D07BD}.Debug|Any CPU.Build.0 = Debug|x64
		{1CBE3B3F-A0DA-4AA0-89BB-76AA3A9D07BD}.Debug|x64.ActiveCfg = Debug|x64
		{1CBE3B3F-A0DA-4AA0-89BB-76AA3A9D07BD}.Debug|x64.Build.0 = Debug|x64
		{1CBE3B3F-A0DA-4AA0-89BB-76AA3A9D07BD}.Debug|x86.ActiveCfg = Debug|x64
		{1CBE3B3F-A0DA-4AA0-89BB-76AA3A9D07BD}.Debug|x86.Build.0 = Debug|x64
		{1CBE3B3F-A0DA-4AA0-89BB-76AA3A9D07BD}.Release|Any CPU.ActiveCfg = Release|x64
		{1CBE3B3F-A0DA-4AA0-89BB-76AA3A9D07BD}.Release|Any CPU.Build.0 = Release|x64
		{1CBE3B3F-A0DA-4AA0-89BB-76AA3A9D07BD}.Release|x64.ActiveCfg = Release|x64
		{1CBE3B3F-A0DA-4AA0-89BB-76AA3A9D07BD}.Release|x64.Build.0 = Release|x64
		{1CBE3B3F-A0DA-4AA0-89BB-76AA3A9D07BD}.Release|x86.ActiveCfg = Release|x64
		{1CBE3B3F-A0DA-4AA0-89BB-76AA3A9D07BD}.Release|x86.Build.0 = Release|x64
		{4FE909C3-12B5-4019-9D72-A82BBDD3113A}.Debug|Any CPU.ActiveCfg = Debug|x64
		{4FE909C3-12B5-4019-9D72-A82BBDD3113A}.Debug|Any CPU.Build.0 = Debug|x64
		{4FE909C3-12B5-4019-9D72-A82BBDD3113A}.Debug|x64.ActiveCfg = Debug|x64
		{4FE909C3-12B5-4019-9D72-A82BBDD3113A}.Debug|x64.Build.0 = Debug|x64
		{4FE909C3-12B5-4019-9D72-A82BBDD3113A}.Debug|x86.ActiveCfg = Debug|x64
		{4FE909C3-12B5-4019-9D72-A82BBDD3113A}.Debug|x86.Build.0 = Debug|x64
		{4FE909C3-12B5-4019-9D72-A82BBDD3113A}.Release|Any CPU.ActiveCfg = Release|x64
		{4FE909C3-12B5-4019-9D72-A82BBDD3113A}.Release|Any CPU.Build.0 = Release|x64
		{4FE909C3-12B5-4019-9D72-A82BBDD3113A}.Release|x64.ActiveCfg = Release|x64
		{4FE909C3-12B5-4019-9D72-A82BBDD3113A}.Release|x64.Build.0 = Release|x64
		{4FE909C3-12B5-4019-9D72-A82BBDD3113A}.Release|x86.ActiveCfg = Release|x64
		{4FE909C3-12B5-4019-9D72-A82BBDD3113A}.Release|x86.Build.0 = Release|x64
	EndGlobalSection
	GlobalSection(SolutionProperties) = preSolution
		HideSolutionNode = FALSE
	EndGlobalSection
	GlobalSection(NestedProjects) = preSolution
		{8D626EA8-CB54-BC41-363A-217881BEBA6E} = {827E0CD3-B72D-47B6-A68D-7590B98EB39B}
		{187008A6-39E3-48E3-82BE-C91E13853902} = {8D626EA8-CB54-BC41-363A-217881BEBA6E}
		{1188FC29-6841-2B7F-D680-EE3519BF48A4} = {0AB3BF05-4346-4AA6-1389-037BE0695223}
		{70C51B6E-4A6F-4DA9-BA8F-C6CDAE1D6BE4} = {1188FC29-6841-2B7F-D680-EE3519BF48A4}
		{547E75E0-49BC-27F6-65D6-DF25CFFB661A} = {827E0CD3-B72D-47B6-A68D-7590B98EB39B}
		{1CBE3B3F-A0DA-4AA0-89BB-76AA3A9D07BD} = {547E75E0-49BC-27F6-65D6-DF25CFFB661A}
		{2ED61D2A-07ED-AFE1-4408-D6610C0DE954} = {827E0CD3-B72D-47B6-A68D-7590B98EB39B}
		{4FE909C3-12B5-4019-9D72-A82BBDD3113A} = {2ED61D2A-07ED-AFE1-4408-D6610C0DE954}
	EndGlobalSection
EndGlobal
